
Microsoft Visual Studio Solution File, Format Version 12.00
# Visual Studio Version 17
VisualStudioVersion = 17.6.33723.286
MinimumVisualStudioVersion = 10.0.40219.1
Project("{9A19103F-16F7-4668-BE54-9A1E7A4F7556}") = "C.Slipalison.ServiceBusMasstransit", "C.Slipalison.ServiceBusMasstransit\C.Slipalison.ServiceBusMasstransit.csproj", "{9247C33B-6F8A-462D-B049-A17A6B18A7DC}"
EndProject
Project("{9A19103F-16F7-4668-BE54-9A1E7A4F7556}") = "B.Slipalison.ServiceBusMasstransit", "B.Slipalison.ServiceBusMasstransit\B.Slipalison.ServiceBusMasstransit.csproj", "{65803F47-1DF5-4073-8EA8-F5AB7A07F7FA}"
EndProject
Global
	GlobalSection(SolutionConfigurationPlatforms) = preSolution
		Debug|Any CPU = Debug|Any CPU
		Release|Any CPU = Release|Any CPU
	EndGlobalSection
	GlobalSection(ProjectConfigurationPlatforms) = postSolution
		{9247C33B-6F8A-462D-B049-A17A6B18A7DC}.Debug|Any CPU.ActiveCfg = Debug|Any CPU
		{9247C33B-6F8A-462D-B049-A17A6B18A7DC}.Debug|Any CPU.Build.0 = Debug|Any CPU
		{9247C33B-6F8A-462D-B049-A17A6B18A7DC}.Release|Any CPU.ActiveCfg = Release|Any CPU
		{9247C33B-6F8A-462D-B049-A17A6B18A7DC}.Release|Any CPU.Build.0 = Release|Any CPU
		{65803F47-1DF5-4073-8EA8-F5AB7A07F7FA}.Debug|Any CPU.ActiveCfg = Debug|Any CPU
		{65803F47-1DF5-4073-8EA8-F5AB7A07F7FA}.Debug|Any CPU.Build.0 = Debug|Any CPU
		{65803F47-1DF5-4073-8EA8-F5AB7A07F7FA}.Release|Any CPU.ActiveCfg = Release|Any CPU
		{65803F47-1DF5-4073-8EA8-F5AB7A07F7FA}.Release|Any CPU.Build.0 = Release|Any CPU
	EndGlobalSection
	GlobalSection(SolutionProperties) = preSolution
		HideSolutionNode = FALSE
	EndGlobalSection
	GlobalSection(ExtensibilityGlobals) = postSolution
		SolutionGuid = {7906874D-5A5F-4E4A-A788-049198A82248}
	EndGlobalSection
EndGlobal
